// !$*UTF8*$!
{
	archiveVersion = 1;
	classes = {
	};
	objectVersion = 56;
	objects = {

/* Begin PBXBuildFile section */
		6BEB615C2B077F31000F0137 /* AirbnbApp.swift in Sources */ = {isa = PBXBuildFile; fileRef = 6BEB615B2B077F31000F0137 /* AirbnbApp.swift */; };
		6BEB615E2B077F31000F0137 /* ContentView.swift in Sources */ = {isa = PBXBuildFile; fileRef = 6BEB615D2B077F31000F0137 /* ContentView.swift */; };
		6BEB61602B077F31000F0137 /* Assets.xcassets in Resources */ = {isa = PBXBuildFile; fileRef = 6BEB615F2B077F31000F0137 /* Assets.xcassets */; };
		6BEB61632B077F31000F0137 /* Preview Assets.xcassets in Resources */ = {isa = PBXBuildFile; fileRef = 6BEB61622B077F31000F0137 /* Preview Assets.xcassets */; };
		6BEB616D2B077F31000F0137 /* AirbnbTests.swift in Sources */ = {isa = PBXBuildFile; fileRef = 6BEB616C2B077F31000F0137 /* AirbnbTests.swift */; };
		6BEB61772B077F31000F0137 /* AirbnbUITests.swift in Sources */ = {isa = PBXBuildFile; fileRef = 6BEB61762B077F31000F0137 /* AirbnbUITests.swift */; };
		6BEB61792B077F31000F0137 /* AirbnbUITestsLaunchTests.swift in Sources */ = {isa = PBXBuildFile; fileRef = 6BEB61782B077F31000F0137 /* AirbnbUITestsLaunchTests.swift */; };
		6BEB618B2B078405000F0137 /* APIService.swift in Sources */ = {isa = PBXBuildFile; fileRef = 6BEB618A2B078405000F0137 /* APIService.swift */; };
		6BEB618D2B07872B000F0137 /* AirbnbListingsView.swift in Sources */ = {isa = PBXBuildFile; fileRef = 6BEB618C2B07872B000F0137 /* AirbnbListingsView.swift */; };
		6BEB618F2B078778000F0137 /* AirbnbListingCardView.swift in Sources */ = {isa = PBXBuildFile; fileRef = 6BEB618E2B078778000F0137 /* AirbnbListingCardView.swift */; };
		6BEB61912B0787B4000F0137 /* AirbnbDetailView.swift in Sources */ = {isa = PBXBuildFile; fileRef = 6BEB61902B0787B4000F0137 /* AirbnbDetailView.swift */; };
		6BEB61932B078803000F0137 /* AirbnbListingsResponse.swift in Sources */ = {isa = PBXBuildFile; fileRef = 6BEB61922B078803000F0137 /* AirbnbListingsResponse.swift */; };
		6BEB61952B07885B000F0137 /* AirbnbListing.swift in Sources */ = {isa = PBXBuildFile; fileRef = 6BEB61942B07885B000F0137 /* AirbnbListing.swift */; };
		6BEB61972B07B2D5000F0137 /* AirbnbListeningsViewModel.swift in Sources */ = {isa = PBXBuildFile; fileRef = 6BEB61962B07B2D5000F0137 /* AirbnbListeningsViewModel.swift */; };
/* End PBXBuildFile section */

/* Begin PBXContainerItemProxy section */
		6BEB61692B077F31000F0137 /* PBXContainerItemProxy */ = {
			isa = PBXContainerItemProxy;
			containerPortal = 6BEB61502B077F31000F0137 /* Project object */;
			proxyType = 1;
			remoteGlobalIDString = 6BEB61572B077F31000F0137;
			remoteInfo = Airbnb;
		};
		6BEB61732B077F31000F0137 /* PBXContainerItemProxy */ = {
			isa = PBXContainerItemProxy;
			containerPortal = 6BEB61502B077F31000F0137 /* Project object */;
			proxyType = 1;
			remoteGlobalIDString = 6BEB61572B077F31000F0137;
			remoteInfo = Airbnb;
		};
/* End PBXContainerItemProxy section */

/* Begin PBXFileReference section */
		6BEB61582B077F31000F0137 /* Airbnb.app */ = {isa = PBXFileReference; explicitFileType = wrapper.application; includeInIndex = 0; path = Airbnb.app; sourceTree = BUILT_PRODUCTS_DIR; };
		6BEB615B2B077F31000F0137 /* AirbnbApp.swift */ = {isa = PBXFileReference; lastKnownFileType = sourcecode.swift; path = AirbnbApp.swift; sourceTree = "<group>"; };
		6BEB615D2B077F31000F0137 /* ContentView.swift */ = {isa = PBXFileReference; lastKnownFileType = sourcecode.swift; path = ContentView.swift; sourceTree = "<group>"; };
		6BEB615F2B077F31000F0137 /* Assets.xcassets */ = {isa = PBXFileReference; lastKnownFileType = folder.assetcatalog; path = Assets.xcassets; sourceTree = "<group>"; };
		6BEB61622B077F31000F0137 /* Preview Assets.xcassets */ = {isa = PBXFileReference; lastKnownFileType = folder.assetcatalog; path = "Preview Assets.xcassets"; sourceTree = "<group>"; };
		6BEB61682B077F31000F0137 /* AirbnbTests.xctest */ = {isa = PBXFileReference; explicitFileType = wrapper.cfbundle; includeInIndex = 0; path = AirbnbTests.xctest; sourceTree = BUILT_PRODUCTS_DIR; };
		6BEB616C2B077F31000F0137 /* AirbnbTests.swift */ = {isa = PBXFileReference; lastKnownFileType = sourcecode.swift; path = AirbnbTests.swift; sourceTree = "<group>"; };
		6BEB61722B077F31000F0137 /* AirbnbUITests.xctest */ = {isa = PBXFileReference; explicitFileType = wrapper.cfbundle; includeInIndex = 0; path = AirbnbUITests.xctest; sourceTree = BUILT_PRODUCTS_DIR; };
		6BEB61762B077F31000F0137 /* AirbnbUITests.swift */ = {isa = PBXFileReference; lastKnownFileType = sourcecode.swift; path = AirbnbUITests.swift; sourceTree = "<group>"; };
		6BEB61782B077F31000F0137 /* AirbnbUITestsLaunchTests.swift */ = {isa = PBXFileReference; lastKnownFileType = sourcecode.swift; path = AirbnbUITestsLaunchTests.swift; sourceTree = "<group>"; };
		6BEB618A2B078405000F0137 /* APIService.swift */ = {isa = PBXFileReference; lastKnownFileType = sourcecode.swift; path = APIService.swift; sourceTree = "<group>"; };
		6BEB618C2B07872B000F0137 /* AirbnbListingsView.swift */ = {isa = PBXFileReference; lastKnownFileType = sourcecode.swift; path = AirbnbListingsView.swift; sourceTree = "<group>"; };
		6BEB618E2B078778000F0137 /* AirbnbListingCardView.swift */ = {isa = PBXFileReference; lastKnownFileType = sourcecode.swift; path = AirbnbListingCardView.swift; sourceTree = "<group>"; };
		6BEB61902B0787B4000F0137 /* AirbnbDetailView.swift */ = {isa = PBXFileReference; lastKnownFileType = sourcecode.swift; path = AirbnbDetailView.swift; sourceTree = "<group>"; };
		6BEB61922B078803000F0137 /* AirbnbListingsResponse.swift */ = {isa = PBXFileReference; lastKnownFileType = sourcecode.swift; path = AirbnbListingsResponse.swift; sourceTree = "<group>"; };
		6BEB61942B07885B000F0137 /* AirbnbListing.swift */ = {isa = PBXFileReference; lastKnownFileType = sourcecode.swift; path = AirbnbListing.swift; sourceTree = "<group>"; };
		6BEB61962B07B2D5000F0137 /* AirbnbListeningsViewModel.swift */ = {isa = PBXFileReference; lastKnownFileType = sourcecode.swift; path = AirbnbListeningsViewModel.swift; sourceTree = "<group>"; };
/* End PBXFileReference section */

/* Begin PBXFrameworksBuildPhase section */
		6BEB61552B077F31000F0137 /* Frameworks */ = {
			isa = PBXFrameworksBuildPhase;
			buildActionMask = 2147483647;
			files = (
			);
			runOnlyForDeploymentPostprocessing = 0;
		};
		6BEB61652B077F31000F0137 /* Frameworks */ = {
			isa = PBXFrameworksBuildPhase;
			buildActionMask = 2147483647;
			files = (
			);
			runOnlyForDeploymentPostprocessing = 0;
		};
		6BEB616F2B077F31000F0137 /* Frameworks */ = {
			isa = PBXFrameworksBuildPhase;
			buildActionMask = 2147483647;
			files = (
			);
			runOnlyForDeploymentPostprocessing = 0;
		};
/* End PBXFrameworksBuildPhase section */

/* Begin PBXGroup section */
		6BEB614F2B077F31000F0137 = {
			isa = PBXGroup;
			children = (
				6BEB615A2B077F31000F0137 /* Airbnb */,
				6BEB616B2B077F31000F0137 /* AirbnbTests */,
				6BEB61752B077F31000F0137 /* AirbnbUITests */,
				6BEB61592B077F31000F0137 /* Products */,
			);
			sourceTree = "<group>";
		};
		6BEB61592B077F31000F0137 /* Products */ = {
			isa = PBXGroup;
			children = (
				6BEB61582B077F31000F0137 /* Airbnb.app */,
				6BEB61682B077F31000F0137 /* AirbnbTests.xctest */,
				6BEB61722B077F31000F0137 /* AirbnbUITests.xctest */,
			);
			name = Products;
			sourceTree = "<group>";
		};
		6BEB615A2B077F31000F0137 /* Airbnb */ = {
			isa = PBXGroup;
			children = (
				6BEB61892B0783E2000F0137 /* Views */,
				6BEB61882B0783D9000F0137 /* Models */,
				6BEB61872B0783CE000F0137 /* ViewModels */,
				6BEB61852B07837B000F0137 /* Services */,
				6BEB615B2B077F31000F0137 /* AirbnbApp.swift */,
				6BEB615F2B077F31000F0137 /* Assets.xcassets */,
				6BEB61612B077F31000F0137 /* Preview Content */,
			);
			path = Airbnb;
			sourceTree = "<group>";
		};
		6BEB61612B077F31000F0137 /* Preview Content */ = {
			isa = PBXGroup;
			children = (
				6BEB61622B077F31000F0137 /* Preview Assets.xcassets */,
			);
			path = "Preview Content";
			sourceTree = "<group>";
		};
		6BEB616B2B077F31000F0137 /* AirbnbTests */ = {
			isa = PBXGroup;
			children = (
				6BEB616C2B077F31000F0137 /* AirbnbTests.swift */,
			);
			path = AirbnbTests;
			sourceTree = "<group>";
		};
		6BEB61752B077F31000F0137 /* AirbnbUITests */ = {
			isa = PBXGroup;
			children = (
				6BEB61762B077F31000F0137 /* AirbnbUITests.swift */,
				6BEB61782B077F31000F0137 /* AirbnbUITestsLaunchTests.swift */,
			);
			path = AirbnbUITests;
			sourceTree = "<group>";
		};
		6BEB61852B07837B000F0137 /* Services */ = {
			isa = PBXGroup;
			children = (
				6BEB618A2B078405000F0137 /* APIService.swift */,
			);
			path = Services;
			sourceTree = "<group>";
		};
		6BEB61872B0783CE000F0137 /* ViewModels */ = {
			isa = PBXGroup;
			children = (
				6BEB61962B07B2D5000F0137 /* AirbnbListeningsViewModel.swift */,
			);
			path = ViewModels;
			sourceTree = "<group>";
		};
		6BEB61882B0783D9000F0137 /* Models */ = {
			isa = PBXGroup;
			children = (
				6BEB61922B078803000F0137 /* AirbnbListingsResponse.swift */,
				6BEB61942B07885B000F0137 /* AirbnbListing.swift */,
			);
			path = Models;
			sourceTree = "<group>";
		};
		6BEB61892B0783E2000F0137 /* Views */ = {
			isa = PBXGroup;
			children = (
				6BEB615D2B077F31000F0137 /* ContentView.swift */,
				6BEB618C2B07872B000F0137 /* AirbnbListingsView.swift */,
				6BEB618E2B078778000F0137 /* AirbnbListingCardView.swift */,
				6BEB61902B0787B4000F0137 /* AirbnbDetailView.swift */,
			);
			path = Views;
			sourceTree = "<group>";
		};
/* End PBXGroup section */

/* Begin PBXNativeTarget section */
		6BEB61572B077F31000F0137 /* Airbnb */ = {
			isa = PBXNativeTarget;
			buildConfigurationList = 6BEB617C2B077F31000F0137 /* Build configuration list for PBXNativeTarget "Airbnb" */;
			buildPhases = (
				6BEB61542B077F31000F0137 /* Sources */,
				6BEB61552B077F31000F0137 /* Frameworks */,
				6BEB61562B077F31000F0137 /* Resources */,
			);
			buildRules = (
			);
			dependencies = (
			);
			name = Airbnb;
			productName = Airbnb;
			productReference = 6BEB61582B077F31000F0137 /* Airbnb.app */;
			productType = "com.apple.product-type.application";
		};
		6BEB61672B077F31000F0137 /* AirbnbTests */ = {
			isa = PBXNativeTarget;
			buildConfigurationList = 6BEB617F2B077F31000F0137 /* Build configuration list for PBXNativeTarget "AirbnbTests" */;
			buildPhases = (
				6BEB61642B077F31000F0137 /* Sources */,
				6BEB61652B077F31000F0137 /* Frameworks */,
				6BEB61662B077F31000F0137 /* Resources */,
			);
			buildRules = (
			);
			dependencies = (
				6BEB616A2B077F31000F0137 /* PBXTargetDependency */,
			);
			name = AirbnbTests;
			productName = AirbnbTests;
			productReference = 6BEB61682B077F31000F0137 /* AirbnbTests.xctest */;
			productType = "com.apple.product-type.bundle.unit-test";
		};
		6BEB61712B077F31000F0137 /* AirbnbUITests */ = {
			isa = PBXNativeTarget;
			buildConfigurationList = 6BEB61822B077F31000F0137 /* Build configuration list for PBXNativeTarget "AirbnbUITests" */;
			buildPhases = (
				6BEB616E2B077F31000F0137 /* Sources */,
				6BEB616F2B077F31000F0137 /* Frameworks */,
				6BEB61702B077F31000F0137 /* Resources */,
			);
			buildRules = (
			);
			dependencies = (
				6BEB61742B077F31000F0137 /* PBXTargetDependency */,
			);
			name = AirbnbUITests;
			productName = AirbnbUITests;
			productReference = 6BEB61722B077F31000F0137 /* AirbnbUITests.xctest */;
			productType = "com.apple.product-type.bundle.ui-testing";
		};
/* End PBXNativeTarget section */

/* Begin PBXProject section */
		6BEB61502B077F31000F0137 /* Project object */ = {
			isa = PBXProject;
			attributes = {
				BuildIndependentTargetsInParallel = 1;
				LastSwiftUpdateCheck = 1500;
				LastUpgradeCheck = 1500;
				TargetAttributes = {
					6BEB61572B077F31000F0137 = {
						CreatedOnToolsVersion = 15.0.1;
					};
					6BEB61672B077F31000F0137 = {
						CreatedOnToolsVersion = 15.0.1;
						TestTargetID = 6BEB61572B077F31000F0137;
					};
					6BEB61712B077F31000F0137 = {
						CreatedOnToolsVersion = 15.0.1;
						TestTargetID = 6BEB61572B077F31000F0137;
					};
				};
			};
			buildConfigurationList = 6BEB61532B077F31000F0137 /* Build configuration list for PBXProject "Airbnb" */;
			compatibilityVersion = "Xcode 14.0";
			developmentRegion = en;
			hasScannedForEncodings = 0;
			knownRegions = (
				en,
				Base,
			);
			mainGroup = 6BEB614F2B077F31000F0137;
			productRefGroup = 6BEB61592B077F31000F0137 /* Products */;
			projectDirPath = "";
			projectRoot = "";
			targets = (
				6BEB61572B077F31000F0137 /* Airbnb */,
				6BEB61672B077F31000F0137 /* AirbnbTests */,
				6BEB61712B077F31000F0137 /* AirbnbUITests */,
			);
		};
/* End PBXProject section */

/* Begin PBXResourcesBuildPhase section */
		6BEB61562B077F31000F0137 /* Resources */ = {
			isa = PBXResourcesBuildPhase;
			buildActionMask = 2147483647;
			files = (
				6BEB61632B077F31000F0137 /* Preview Assets.xcassets in Resources */,
				6BEB61602B077F31000F0137 /* Assets.xcassets in Resources */,
			);
			runOnlyForDeploymentPostprocessing = 0;
		};
		6BEB61662B077F31000F0137 /* Resources */ = {
			isa = PBXResourcesBuildPhase;
			buildActionMask = 2147483647;
			files = (
			);
			runOnlyForDeploymentPostprocessing = 0;
		};
		6BEB61702B077F31000F0137 /* Resources */ = {
			isa = PBXResourcesBuildPhase;
			buildActionMask = 2147483647;
			files = (
			);
			runOnlyForDeploymentPostprocessing = 0;
		};
/* End PBXResourcesBuildPhase section */

/* Begin PBXSourcesBuildPhase section */
		6BEB61542B077F31000F0137 /* Sources */ = {
			isa = PBXSourcesBuildPhase;
			buildActionMask = 2147483647;
			files = (
				6BEB61932B078803000F0137 /* AirbnbListingsResponse.swift in Sources */,
				6BEB615E2B077F31000F0137 /* ContentView.swift in Sources */,
				6BEB61972B07B2D5000F0137 /* AirbnbListeningsViewModel.swift in Sources */,
				6BEB61912B0787B4000F0137 /* AirbnbDetailView.swift in Sources */,
				6BEB618D2B07872B000F0137 /* AirbnbListingsView.swift in Sources */,
				6BEB618F2B078778000F0137 /* AirbnbListingCardView.swift in Sources */,
				6BEB618B2B078405000F0137 /* APIService.swift in Sources */,
				6BEB61952B07885B000F0137 /* AirbnbListing.swift in Sources */,
				6BEB615C2B077F31000F0137 /* AirbnbApp.swift in Sources */,
			);
			runOnlyForDeploymentPostprocessing = 0;
		};
		6BEB61642B077F31000F0137 /* Sources */ = {
			isa = PBXSourcesBuildPhase;
			buildActionMask = 2147483647;
			files = (
				6BEB616D2B077F31000F0137 /* AirbnbTests.swift in Sources */,
			);
			runOnlyForDeploymentPostprocessing = 0;
		};
		6BEB616E2B077F31000F0137 /* Sources */ = {
			isa = PBXSourcesBuildPhase;
			buildActionMask = 2147483647;
			files = (
				6BEB61792B077F31000F0137 /* AirbnbUITestsLaunchTests.swift in Sources */,
				6BEB61772B077F31000F0137 /* AirbnbUITests.swift in Sources */,
			);
			runOnlyForDeploymentPostprocessing = 0;
		};
/* End PBXSourcesBuildPhase section */

/* Begin PBXTargetDependency section */
		6BEB616A2B077F31000F0137 /* PBXTargetDependency */ = {
			isa = PBXTargetDependency;
			target = 6BEB61572B077F31000F0137 /* Airbnb */;
			targetProxy = 6BEB61692B077F31000F0137 /* PBXContainerItemProxy */;
		};
		6BEB61742B077F31000F0137 /* PBXTargetDependency */ = {
			isa = PBXTargetDependency;
			target = 6BEB61572B077F31000F0137 /* Airbnb */;
			targetProxy = 6BEB61732B077F31000F0137 /* PBXContainerItemProxy */;
		};
/* End PBXTargetDependency section */

/* Begin XCBuildConfiguration section */
		6BEB617A2B077F31000F0137 /* Debug */ = {
			isa = XCBuildConfiguration;
			buildSettings = {
				ALWAYS_SEARCH_USER_PATHS = NO;
				ASSETCATALOG_COMPILER_GENERATE_SWIFT_ASSET_SYMBOL_EXTENSIONS = YES;
				CLANG_ANALYZER_NONNULL = YES;
				CLANG_ANALYZER_NUMBER_OBJECT_CONVERSION = YES_AGGRESSIVE;
				CLANG_CXX_LANGUAGE_STANDARD = "gnu++20";
				CLANG_ENABLE_MODULES = YES;
				CLANG_ENABLE_OBJC_ARC = YES;
				CLANG_ENABLE_OBJC_WEAK = YES;
				CLANG_WARN_BLOCK_CAPTURE_AUTORELEASING = YES;
				CLANG_WARN_BOOL_CONVERSION = YES;
				CLANG_WARN_COMMA = YES;
				CLANG_WARN_CONSTANT_CONVERSION = YES;
				CLANG_WARN_DEPRECATED_OBJC_IMPLEMENTATIONS = YES;
				CLANG_WARN_DIRECT_OBJC_ISA_USAGE = YES_ERROR;
				CLANG_WARN_DOCUMENTATION_COMMENTS = YES;
				CLANG_WARN_EMPTY_BODY = YES;
				CLANG_WARN_ENUM_CONVERSION = YES;
				CLANG_WARN_INFINITE_RECURSION = YES;
				CLANG_WARN_INT_CONVERSION = YES;
				CLANG_WARN_NON_LITERAL_NULL_CONVERSION = YES;
				CLANG_WARN_OBJC_IMPLICIT_RETAIN_SELF = YES;
				CLANG_WARN_OBJC_LITERAL_CONVERSION = YES;
				CLANG_WARN_OBJC_ROOT_CLASS = YES_ERROR;
				CLANG_WARN_QUOTED_INCLUDE_IN_FRAMEWORK_HEADER = YES;
				CLANG_WARN_RANGE_LOOP_ANALYSIS = YES;
				CLANG_WARN_STRICT_PROTOTYPES = YES;
				CLANG_WARN_SUSPICIOUS_MOVE = YES;
				CLANG_WARN_UNGUARDED_AVAILABILITY = YES_AGGRESSIVE;
				CLANG_WARN_UNREACHABLE_CODE = YES;
				CLANG_WARN__DUPLICATE_METHOD_MATCH = YES;
				COPY_PHASE_STRIP = NO;
				DEBUG_INFORMATION_FORMAT = dwarf;
				ENABLE_STRICT_OBJC_MSGSEND = YES;
				ENABLE_TESTABILITY = YES;
				ENABLE_USER_SCRIPT_SANDBOXING = YES;
				GCC_C_LANGUAGE_STANDARD = gnu17;
				GCC_DYNAMIC_NO_PIC = NO;
				GCC_NO_COMMON_BLOCKS = YES;
				GCC_OPTIMIZATION_LEVEL = 0;
				GCC_PREPROCESSOR_DEFINITIONS = (
					"DEBUG=1",
					"$(inherited)",
				);
				GCC_WARN_64_TO_32_BIT_CONVERSION = YES;
				GCC_WARN_ABOUT_RETURN_TYPE = YES_ERROR;
				GCC_WARN_UNDECLARED_SELECTOR = YES;
				GCC_WARN_UNINITIALIZED_AUTOS = YES_AGGRESSIVE;
				GCC_WARN_UNUSED_FUNCTION = YES;
				GCC_WARN_UNUSED_VARIABLE = YES;
				IPHONEOS_DEPLOYMENT_TARGET = 17.0;
				LOCALIZATION_PREFERS_STRING_CATALOGS = YES;
				MTL_ENABLE_DEBUG_INFO = INCLUDE_SOURCE;
				MTL_FAST_MATH = YES;
				ONLY_ACTIVE_ARCH = YES;
				SDKROOT = iphoneos;
				SWIFT_ACTIVE_COMPILATION_CONDITIONS = "DEBUG $(inherited)";
				SWIFT_OPTIMIZATION_LEVEL = "-Onone";
			};
			name = Debug;
		};
		6BEB617B2B077F31000F0137 /* Release */ = {
			isa = XCBuildConfiguration;
			buildSettings = {
				ALWAYS_SEARCH_USER_PATHS = NO;
				ASSETCATALOG_COMPILER_GENERATE_SWIFT_ASSET_SYMBOL_EXTENSIONS = YES;
				CLANG_ANALYZER_NONNULL = YES;
				CLANG_ANALYZER_NUMBER_OBJECT_CONVERSION = YES_AGGRESSIVE;
				CLANG_CXX_LANGUAGE_STANDARD = "gnu++20";
				CLANG_ENABLE_MODULES = YES;
				CLANG_ENABLE_OBJC_ARC = YES;
				CLANG_ENABLE_OBJC_WEAK = YES;
				CLANG_WARN_BLOCK_CAPTURE_AUTORELEASING = YES;
				CLANG_WARN_BOOL_CONVERSION = YES;
				CLANG_WARN_COMMA = YES;
				CLANG_WARN_CONSTANT_CONVERSION = YES;
				CLANG_WARN_DEPRECATED_OBJC_IMPLEMENTATIONS = YES;
				CLANG_WARN_DIRECT_OBJC_ISA_USAGE = YES_ERROR;
				CLANG_WARN_DOCUMENTATION_COMMENTS = YES;
				CLANG_WARN_EMPTY_BODY = YES;
				CLANG_WARN_ENUM_CONVERSION = YES;
				CLANG_WARN_INFINITE_RECURSION = YES;
				CLANG_WARN_INT_CONVERSION = YES;
				CLANG_WARN_NON_LITERAL_NULL_CONVERSION = YES;
				CLANG_WARN_OBJC_IMPLICIT_RETAIN_SELF = YES;
				CLANG_WARN_OBJC_LITERAL_CONVERSION = YES;
				CLANG_WARN_OBJC_ROOT_CLASS = YES_ERROR;
				CLANG_WARN_QUOTED_INCLUDE_IN_FRAMEWORK_HEADER = YES;
				CLANG_WARN_RANGE_LOOP_ANALYSIS = YES;
				CLANG_WARN_STRICT_PROTOTYPES = YES;
				CLANG_WARN_SUSPICIOUS_MOVE = YES;
				CLANG_WARN_UNGUARDED_AVAILABILITY = YES_AGGRESSIVE;
				CLANG_WARN_UNREACHABLE_CODE = YES;
				CLANG_WARN__DUPLICATE_METHOD_MATCH = YES;
				COPY_PHASE_STRIP = NO;
				DEBUG_INFORMATION_FORMAT = "dwarf-with-dsym";
				ENABLE_NS_ASSERTIONS = NO;
				ENABLE_STRICT_OBJC_MSGSEND = YES;
				ENABLE_USER_SCRIPT_SANDBOXING = YES;
				GCC_C_LANGUAGE_STANDARD = gnu17;
				GCC_NO_COMMON_BLOCKS = YES;
				GCC_WARN_64_TO_32_BIT_CONVERSION = YES;
				GCC_WARN_ABOUT_RETURN_TYPE = YES_ERROR;
				GCC_WARN_UNDECLARED_SELECTOR = YES;
				GCC_WARN_UNINITIALIZED_AUTOS = YES_AGGRESSIVE;
				GCC_WARN_UNUSED_FUNCTION = YES;
				GCC_WARN_UNUSED_VARIABLE = YES;
				IPHONEOS_DEPLOYMENT_TARGET = 17.0;
				LOCALIZATION_PREFERS_STRING_CATALOGS = YES;
				MTL_ENABLE_DEBUG_INFO = NO;
				MTL_FAST_MATH = YES;
				SDKROOT = iphoneos;
				SWIFT_COMPILATION_MODE = wholemodule;
				VALIDATE_PRODUCT = YES;
			};
			name = Release;
		};
		6BEB617D2B077F31000F0137 /* Debug */ = {
			isa = XCBuildConfiguration;
			buildSettings = {
				ASSETCATALOG_COMPILER_APPICON_NAME = AppIcon;
				ASSETCATALOG_COMPILER_GLOBAL_ACCENT_COLOR_NAME = AccentColor;
				CODE_SIGN_STYLE = Automatic;
				CURRENT_PROJECT_VERSION = 1;
				DEVELOPMENT_ASSET_PATHS = "\"Airbnb/Preview Content\"";
				ENABLE_PREVIEWS = YES;
				GENERATE_INFOPLIST_FILE = YES;
				INFOPLIST_KEY_UIApplicationSceneManifest_Generation = YES;
				INFOPLIST_KEY_UIApplicationSupportsIndirectInputEvents = YES;
				INFOPLIST_KEY_UILaunchScreen_Generation = YES;
				INFOPLIST_KEY_UISupportedInterfaceOrientations_iPad = "UIInterfaceOrientationPortrait UIInterfaceOrientationPortraitUpsideDown UIInterfaceOrientationLandscapeLeft UIInterfaceOrientationLandscapeRight";
				INFOPLIST_KEY_UISupportedInterfaceOrientations_iPhone = "UIInterfaceOrientationPortrait UIInterfaceOrientationLandscapeLeft UIInterfaceOrientationLandscapeRight";
				LD_RUNPATH_SEARCH_PATHS = (
					"$(inherited)",
					"@executable_path/Frameworks",
				);
				MARKETING_VERSION = 1.0;
				PRODUCT_BUNDLE_IDENTIFIER = com.ceylanenes.Airbnb;
				PRODUCT_NAME = "$(TARGET_NAME)";
				SWIFT_EMIT_LOC_STRINGS = YES;
				SWIFT_VERSION = 5.0;
				TARGETED_DEVICE_FAMILY = "1,2";
			};
			name = Debug;
		};
		6BEB617E2B077F31000F0137 /* Release */ = {
			isa = XCBuildConfiguration;
			buildSettings = {
				ASSETCATALOG_COMPILER_APPICON_NAME = AppIcon;
				ASSETCATALOG_COMPILER_GLOBAL_ACCENT_COLOR_NAME = AccentColor;
				CODE_SIGN_STYLE = Automatic;
				CURRENT_PROJECT_VERSION = 1;
				DEVELOPMENT_ASSET_PATHS = "\"Airbnb/Preview Content\"";
				ENABLE_PREVIEWS = YES;
				GENERATE_INFOPLIST_FILE = YES;
				INFOPLIST_KEY_UIApplicationSceneManifest_Generation = YES;
				INFOPLIST_KEY_UIApplicationSupportsIndirectInputEvents = YES;
				INFOPLIST_KEY_UILaunchScreen_Generation = YES;
				INFOPLIST_KEY_UISupportedInterfaceOrientations_iPad = "UIInterfaceOrientationPortrait UIInterfaceOrientationPortraitUpsideDown UIInterfaceOrientationLandscapeLeft UIInterfaceOrientationLandscapeRight";
				INFOPLIST_KEY_UISupportedInterfaceOrientations_iPhone = "UIInterfaceOrientationPortrait UIInterfaceOrientationLandscapeLeft UIInterfaceOrientationLandscapeRight";
				LD_RUNPATH_SEARCH_PATHS = (
					"$(inherited)",
					"@executable_path/Frameworks",
				);
				MARKETING_VERSION = 1.0;
				PRODUCT_BUNDLE_IDENTIFIER = com.ceylanenes.Airbnb;
				PRODUCT_NAME = "$(TARGET_NAME)";
				SWIFT_EMIT_LOC_STRINGS = YES;
				SWIFT_VERSION = 5.0;
				TARGETED_DEVICE_FAMILY = "1,2";
			};
			name = Release;
		};
		6BEB61802B077F31000F0137 /* Debug */ = {
			isa = XCBuildConfiguration;
			buildSettings = {
				ALWAYS_EMBED_SWIFT_STANDARD_LIBRARIES = YES;
				BUNDLE_LOADER = "$(TEST_HOST)";
				CODE_SIGN_STYLE = Automatic;
				CURRENT_PROJECT_VERSION = 1;
				GENERATE_INFOPLIST_FILE = YES;
				IPHONEOS_DEPLOYMENT_TARGET = 17.0;
				MARKETING_VERSION = 1.0;
				PRODUCT_BUNDLE_IDENTIFIER = com.ceylanenes.AirbnbTests;
				PRODUCT_NAME = "$(TARGET_NAME)";
				SWIFT_EMIT_LOC_STRINGS = NO;
				SWIFT_VERSION = 5.0;
				TARGETED_DEVICE_FAMILY = "1,2";
				TEST_HOST = "$(BUILT_PRODUCTS_DIR)/Airbnb.app/$(BUNDLE_EXECUTABLE_FOLDER_PATH)/Airbnb";
			};
			name = Debug;
		};
		6BEB61812B077F31000F0137 /* Release */ = {
			isa = XCBuildConfiguration;
			buildSettings = {
				ALWAYS_EMBED_SWIFT_STANDARD_LIBRARIES = YES;
				BUNDLE_LOADER = "$(TEST_HOST)";
				CODE_SIGN_STYLE = Automatic;
				CURRENT_PROJECT_VERSION = 1;
				GENERATE_INFOPLIST_FILE = YES;
				IPHONEOS_DEPLOYMENT_TARGET = 17.0;
				MARKETING_VERSION = 1.0;
				PRODUCT_BUNDLE_IDENTIFIER = com.ceylanenes.AirbnbTests;
				PRODUCT_NAME = "$(TARGET_NAME)";
				SWIFT_EMIT_LOC_STRINGS = NO;
				SWIFT_VERSION = 5.0;
				TARGETED_DEVICE_FAMILY = "1,2";
				TEST_HOST = "$(BUILT_PRODUCTS_DIR)/Airbnb.app/$(BUNDLE_EXECUTABLE_FOLDER_PATH)/Airbnb";
			};
			name = Release;
		};
		6BEB61832B077F31000F0137 /* Debug */ = {
			isa = XCBuildConfiguration;
			buildSettings = {
				ALWAYS_EMBED_SWIFT_STANDARD_LIBRARIES = YES;
				CODE_SIGN_STYLE = Automatic;
				CURRENT_PROJECT_VERSION = 1;
				GENERATE_INFOPLIST_FILE = YES;
				MARKETING_VERSION = 1.0;
				PRODUCT_BUNDLE_IDENTIFIER = com.ceylanenes.AirbnbUITests;
				PRODUCT_NAME = "$(TARGET_NAME)";
				SWIFT_EMIT_LOC_STRINGS = NO;
				SWIFT_VERSION = 5.0;
				TARGETED_DEVICE_FAMILY = "1,2";
				TEST_TARGET_NAME = Airbnb;
			};
			name = Debug;
		};
		6BEB61842B077F31000F0137 /* Release */ = {
			isa = XCBuildConfiguration;
			buildSettings = {
				ALWAYS_EMBED_SWIFT_STANDARD_LIBRARIES = YES;
				CODE_SIGN_STYLE = Automatic;
				CURRENT_PROJECT_VERSION = 1;
				GENERATE_INFOPLIST_FILE = YES;
				MARKETING_VERSION = 1.0;
				PRODUCT_BUNDLE_IDENTIFIER = com.ceylanenes.AirbnbUITests;
				PRODUCT_NAME = "$(TARGET_NAME)";
				SWIFT_EMIT_LOC_STRINGS = NO;
				SWIFT_VERSION = 5.0;
				TARGETED_DEVICE_FAMILY = "1,2";
				TEST_TARGET_NAME = Airbnb;
			};
			name = Release;
		};
/* End XCBuildConfiguration section */

/* Begin XCConfigurationList section */
		6BEB61532B077F31000F0137 /* Build configuration list for PBXProject "Airbnb" */ = {
			isa = XCConfigurationList;
			buildConfigurations = (
				6BEB617A2B077F31000F0137 /* Debug */,
				6BEB617B2B077F31000F0137 /* Release */,
			);
			defaultConfigurationIsVisible = 0;
			defaultConfigurationName = Release;
		};
		6BEB617C2B077F31000F0137 /* Build configuration list for PBXNativeTarget "Airbnb" */ = {
			isa = XCConfigurationList;
			buildConfigurations = (
				6BEB617D2B077F31000F0137 /* Debug */,
				6BEB617E2B077F31000F0137 /* Release */,
			);
			defaultConfigurationIsVisible = 0;
			defaultConfigurationName = Release;
		};
		6BEB617F2B077F31000F0137 /* Build configuration list for PBXNativeTarget "AirbnbTests" */ = {
			isa = XCConfigurationList;
			buildConfigurations = (
				6BEB61802B077F31000F0137 /* Debug */,
				6BEB61812B077F31000F0137 /* Release */,
			);
			defaultConfigurationIsVisible = 0;
			defaultConfigurationName = Release;
		};
		6BEB61822B077F31000F0137 /* Build configuration list for PBXNativeTarget "AirbnbUITests" */ = {
			isa = XCConfigurationList;
			buildConfigurations = (
				6BEB61832B077F31000F0137 /* Debug */,
				6BEB61842B077F31000F0137 /* Release */,
			);
			defaultConfigurationIsVisible = 0;
			defaultConfigurationName = Release;
		};
/* End XCConfigurationList section */
	};
	rootObject = 6BEB61502B077F31000F0137 /* Project object */;
}
